
Microsoft Visual Studio Solution File, Format Version 12.00
# Visual Studio Version 17
VisualStudioVersion = 17.14.36109.1 d17.14
MinimumVisualStudioVersion = 10.0.40219.1
Project("{FAE04EC0-301F-11D3-BF4B-00C04F79EFBC}") = "CSharpTetris", "CSharpTetris\CSharpTetris.csproj", "{C0B53771-4363-4388-98ED-5E958155364E}"
EndProject
Global
	GlobalSection(SolutionConfigurationPlatforms) = preSolution
		Debug|Any CPU = Debug|Any CPU
		Release|Any CPU = Release|Any CPU
	EndGlobalSection
	GlobalSection(ProjectConfigurationPlatforms) = postSolution
		{C0B53771-4363-4388-98ED-5E958155364E}.Debug|Any CPU.ActiveCfg = Debug|Any CPU
		{C0B53771-4363-4388-98ED-5E958155364E}.Debug|Any CPU.Build.0 = Debug|Any CPU
		{C0B53771-4363-4388-98ED-5E958155364E}.Release|Any CPU.ActiveCfg = Release|Any CPU
		{C0B53771-4363-4388-98ED-5E958155364E}.Release|Any CPU.Build.0 = Release|Any CPU
	EndGlobalSection
	GlobalSection(SolutionProperties) = preSolution
		HideSolutionNode = FALSE
	EndGlobalSection
	GlobalSection(ExtensibilityGlobals) = postSolution
		SolutionGuid = {174E37C8-90E8-40E8-9141-9E46AF694BA2}
	EndGlobalSection
EndGlobal
